{
  "R": {
    "Version": "4.5.3",
    "Repositories": [
      {
        "Name": "CRAN",
        "URL": "https://cloud.r-project.org"
      }
    ]
  },
  "Packages": {
    "lattice": {
      "Package": "lattice",
      "Version": "0.22-9",
      "Source": "Repository",
      "Repository": "CRAN"
    },
    "Matrix": {
      "Package": "Matrix",
      "Version": "1.7-4",
      "Source": "Repository",
      "Repository": "CRAN"
    },
    "survival": {
      "Package": "survival",
      "Version": "3.8-6",
      "Source": "Repository",
      "Repository": "CRAN"
    }
  }
}
